<?xml version="1.0" encoding="utf-8"?>
<Project ToolsVersion="4.0" xmlns="http://schemas.microsoft.com/developer/msbuild/2003">
  <ItemGroup>
    <Filter Include="소스 파일">
      <UniqueIdentifier>{4FC737F1-C7A5-4376-A066-2A32D752A2FF}</UniqueIdentifier>
      <Extensions>cpp;c;cc;cxx;def;odl;idl;hpj;bat;asm;asmx</Extensions>
    </Filter>
    <Filter Include="헤더 파일">
      <UniqueIdentifier>{93995380-89BD-4b04-88EB-625FBE52EBFB}</UniqueIdentifier>
      <Extensions>h;hh;hpp;hxx;hm;inl;inc;xsd</Extensions>
    </Filter>
    <Filter Include="리소스 파일">
      <UniqueIdentifier>{67DA6AB6-F800-4c08-8B7A-83BB121AAD01}</UniqueIdentifier>
      <Extensions>rc;ico;cur;bmp;dlg;rc2;rct;bin;rgs;gif;jpg;jpeg;jpe;resx;tiff;tif;png;wav;mfcribbon-ms</Extensions>
    </Filter>
    <Filter Include="BaseSystem">
      <UniqueIdentifier>{9970b3a4-0a2b-4491-96dc-5d8b4ece7172}</UniqueIdentifier>
    </Filter>
    <Filter Include="Battle">
      <UniqueIdentifier>{534ed2bd-4fe2-4a59-9f89-3e0ef0b90cc1}</UniqueIdentifier>
    </Filter>
    <Filter Include="Battle\CCharacter">
      <UniqueIdentifier>{d494f033-88cb-43b7-967b-b995a067a515}</UniqueIdentifier>
    </Filter>
  </ItemGroup>
  <ItemGroup>
    <ClCompile Include="main.cpp">
      <Filter>소스 파일</Filter>
    </ClCompile>
    <ClCompile Include="DiceSystem.cpp">
      <Filter>BaseSystem</Filter>
    </ClCompile>
    <ClCompile Include="BattleSystem.cpp">
      <Filter>Battle</Filter>
    </ClCompile>
    <ClCompile Include="Character.cpp">
      <Filter>Battle\CCharacter</Filter>
    </ClCompile>
    <ClCompile Include="AbilitySystem.cpp">
      <Filter>BaseSystem</Filter>
    </ClCompile>
    <ClCompile Include="Battle.cpp">
      <Filter>Battle</Filter>
    </ClCompile>
  </ItemGroup>
  <ItemGroup>
    <ClInclude Include="DiceSystem.h">
      <Filter>BaseSystem</Filter>
    </ClInclude>
    <ClInclude Include="BaseDefines.h">
      <Filter>BaseSystem</Filter>
    </ClInclude>
    <ClInclude Include="BattleSystem.h">
      <Filter>Battle</Filter>
    </ClInclude>
    <ClInclude Include="Character.h">
      <Filter>Battle\CCharacter</Filter>
    </ClInclude>
    <ClInclude Include="AbilitySystem.h">
      <Filter>BaseSystem</Filter>
    </ClInclude>
    <ClInclude Include="Battle.h">
      <Filter>Battle</Filter>
    </ClInclude>
  </ItemGroup>
</Project>